{
  "projects": [
    {
      "projectId": "kmmGrmCVRJPgZ5NNJMDQ4v",
      "version": "0.9.0",
      "dependencies": {},
      "lang": "js",
      "fileLocks": [
        {
          "assetId": "kmmGrmCVRJPgZ5NNJMDQ4v",
          "type": "projectCss",
          "checksum": "dd7de7af23dae5f9bf9adf08c16dae86"
        },
        {
          "assetId": "kmmGrmCVRJPgZ5NNJMDQ4v",
          "checksum": "381f8839221b8bab19ed842367029b0e",
          "type": "globalContexts"
        }
      ],
      "codegenVersion": "0.0.1"
    },
    {
      "projectId": "7nJ7UcFmq9UzB6eXfC5z4a",
      "version": "0.8.0",
      "dependencies": {},
      "lang": "js",
      "fileLocks": [
        {
          "assetId": "7nJ7UcFmq9UzB6eXfC5z4a",
          "type": "projectCss",
          "checksum": "8cf9dfd353bbaf2b2583e7046e8136fb"
        }
      ],
      "codegenVersion": "0.0.1"
    },
    {
      "projectId": "bBMnSDTUpYxJArndSZP39h",
      "version": "latest",
      "dependencies": {
        "7nJ7UcFmq9UzB6eXfC5z4a": "0.8.0",
        "kmmGrmCVRJPgZ5NNJMDQ4v": "0.9.0"
      },
      "lang": "js",
      "fileLocks": [
        {
          "type": "globalVariant",
          "assetId": "x_xlfASnpAjvg2",
          "checksum": "d0f7eeb0fd5c998cee584f4a3475690b"
        },
        {
          "assetId": "bBMnSDTUpYxJArndSZP39h",
          "type": "projectCss",
          "checksum": "cee40e0223066552be5d473d66590b9a"
        },
        {
          "assetId": "bBMnSDTUpYxJArndSZP39h",
          "checksum": "e37058339506df1df0dc073af906801a",
          "type": "globalContexts"
        },
        {
          "type": "renderModule",
          "assetId": "7KKl0p7S05TKo1",
          "checksum": "2fc3c791b91f48fb039468b298fb4651"
        },
        {
          "type": "cssRules",
          "assetId": "7KKl0p7S05TKo1",
          "checksum": "2fc3c791b91f48fb039468b298fb4651"
        },
        {
          "type": "renderModule",
          "assetId": "GN7B5DqBtJ2dm8",
          "checksum": "1d810d3da2e75604bc66e0b323ce1b2f"
        },
        {
          "type": "cssRules",
          "assetId": "GN7B5DqBtJ2dm8",
          "checksum": "1d810d3da2e75604bc66e0b323ce1b2f"
        },
        {
          "type": "renderModule",
          "assetId": "u2753CxcsA9cRI",
          "checksum": "a923cc3c83153d694c4d3adf1b890f27"
        },
        {
          "type": "cssRules",
          "assetId": "u2753CxcsA9cRI",
          "checksum": "a923cc3c83153d694c4d3adf1b890f27"
        },
        {
          "type": "renderModule",
          "assetId": "KMBJmHNsD0xfZo",
          "checksum": "e9e6dd57e5a857528223763a80661ee7"
        },
        {
          "type": "cssRules",
          "assetId": "KMBJmHNsD0xfZo",
          "checksum": "e9e6dd57e5a857528223763a80661ee7"
        },
        {
          "type": "renderModule",
          "assetId": "nYxyEfIdx2-Y7e",
          "checksum": "a6098e87b441bba6b267b8993c26f305"
        },
        {
          "type": "cssRules",
          "assetId": "nYxyEfIdx2-Y7e",
          "checksum": "a6098e87b441bba6b267b8993c26f305"
        },
        {
          "type": "renderModule",
          "assetId": "eA2_yOcj5Z_8HX",
          "checksum": "0ae95dd5118d18c81fc1ef1bc3341fd9"
        },
        {
          "type": "cssRules",
          "assetId": "eA2_yOcj5Z_8HX",
          "checksum": "0ae95dd5118d18c81fc1ef1bc3341fd9"
        },
        {
          "type": "renderModule",
          "assetId": "7dv2xhJxLvdWRh",
          "checksum": "a62c5daea00be527c7c4a703b57d61c8"
        },
        {
          "type": "cssRules",
          "assetId": "7dv2xhJxLvdWRh",
          "checksum": "a62c5daea00be527c7c4a703b57d61c8"
        },
        {
          "type": "renderModule",
          "assetId": "SlEtZvoCOog5nH",
          "checksum": "561e18d15ced5d0027633ae4b8aeb856"
        },
        {
          "type": "cssRules",
          "assetId": "SlEtZvoCOog5nH",
          "checksum": "561e18d15ced5d0027633ae4b8aeb856"
        },
        {
          "type": "renderModule",
          "assetId": "Cc1t0uZIOcx",
          "checksum": "8105d38a42ada1ace247a495cb1ecf51"
        },
        {
          "type": "cssRules",
          "assetId": "Cc1t0uZIOcx",
          "checksum": "8105d38a42ada1ace247a495cb1ecf51"
        },
        {
          "type": "icon",
          "assetId": "hRx37hc8XW-WgH",
          "checksum": "1b02b8559c9e94f5cca1da2bea40e4e3"
        },
        {
          "type": "icon",
          "assetId": "YMGYDa1MR1bRfy",
          "checksum": "3779e7c9e49a6d1de68d3a350bd15f80"
        },
        {
          "type": "icon",
          "assetId": "n0_8zBzdfJ9LE4",
          "checksum": "128a019ae9a3b7c38f0042295fdcab06"
        },
        {
          "type": "icon",
          "assetId": "n1pdwQfCCMvqus",
          "checksum": "ae6947c58d05b6d666a3bd58c5fb8bda"
        },
        {
          "type": "icon",
          "assetId": "WDa7c1A39R7Vf3",
          "checksum": "186f658f3f718fa3a596c71c3f7390be"
        },
        {
          "type": "icon",
          "assetId": "xf-dnBELI6Kyvs",
          "checksum": "f1a5c5282413f08b67444b343e5c1687"
        },
        {
          "type": "icon",
          "assetId": "tLDYh4WNn-Nyuc",
          "checksum": "0cc90bb0b3d50942a1a732fcc96ed93d"
        },
        {
          "type": "icon",
          "assetId": "quibnTDV9jPCI_",
          "checksum": "15339771fc1afd070ae8febcf72ca321"
        },
        {
          "type": "icon",
          "assetId": "crYYKKDqeWalhR",
          "checksum": "66bb7cfbfcdec95b6a36f847711030ed"
        },
        {
          "type": "icon",
          "assetId": "cmr6ahYUzZIjvJ",
          "checksum": "82051049353e0968f1485a2256634c51"
        },
        {
          "type": "icon",
          "assetId": "oLcQippjx8W",
          "checksum": "b211541c1a460fa07d4650f126e37220"
        },
        {
          "type": "icon",
          "assetId": "oMoeU_rIsegp",
          "checksum": "4c75245512af1d3f56b5f69c253df402"
        },
        {
          "type": "image",
          "assetId": "9G8xcZ4c3UWG98",
          "checksum": "4998467baad6978a8fc272f1f777e07f"
        },
        {
          "type": "image",
          "assetId": "Bk_ikYJRG5wJ3H",
          "checksum": "3d2ad229924ea4466e8029970adf09f2"
        },
        {
          "type": "image",
          "assetId": "3TZMwjMZD3sEmd",
          "checksum": "9bb07e5d1a97ae3255d92d8a7a785079"
        },
        {
          "type": "image",
          "assetId": "ge3Gbp7Q-vSJVe",
          "checksum": "87fbb07d28b7f63b910d469263caa713"
        },
        {
          "type": "image",
          "assetId": "nYT_YaGVNdel_P",
          "checksum": "ceacaef40ed7693a9e80cdff0587d129"
        },
        {
          "type": "image",
          "assetId": "UVi9vov27ca53k",
          "checksum": "e3206e102a40728691275e948a6a3668"
        },
        {
          "type": "image",
          "assetId": "hfwRqGfIpA9bMC",
          "checksum": "9fcad5d5d2e549f65ae5893e33cb5c21"
        },
        {
          "type": "image",
          "assetId": "ULqIWhDjEUD4x6",
          "checksum": "ac4de16c419c5e583ba7dd8e755912cb"
        },
        {
          "type": "image",
          "assetId": "B51h49DSlBJe7Q",
          "checksum": "348e5507a620f4bc3345122bd01c74b0"
        },
        {
          "type": "image",
          "assetId": "ysWXT6VvggrDW2",
          "checksum": "c661d446bcd31870b65d6766437afef7"
        },
        {
          "type": "image",
          "assetId": "TRVZ6LNu3d99x9",
          "checksum": "89c4afdbda015d83f0d467b83c6bf674"
        },
        {
          "type": "image",
          "assetId": "nNPcVygOyOUEEU",
          "checksum": "e174cd53dd926ec1e5bd160fe0a87fa1"
        },
        {
          "type": "image",
          "assetId": "XwGCzxafHJ6N89",
          "checksum": "6d31146ff3206393347f89521c65ffe5"
        },
        {
          "type": "image",
          "assetId": "680FMbbznDLLph",
          "checksum": "d164498527f6b5898ae05883868f697e"
        },
        {
          "type": "image",
          "assetId": "ICryvhg_xq-jk6",
          "checksum": "038e876c50a23bfcfe19f80547cbfd9e"
        },
        {
          "type": "image",
          "assetId": "Sqi0hg6n5457Eu",
          "checksum": "dd8fc8d60fe665f31c9cdeebf8c67b56"
        },
        {
          "type": "image",
          "assetId": "zOPAxSejTj5qgc",
          "checksum": "5f6ac8030a7cb70b4273408e37521589"
        },
        {
          "type": "image",
          "assetId": "NDpUF663CJuec5",
          "checksum": "00f9bd3a5965ce58d8557f154ec6d18b"
        },
        {
          "type": "image",
          "assetId": "iQYGgx4m3Dv_ep",
          "checksum": "a815102708a45a6fa8678daa02b3afba"
        },
        {
          "type": "image",
          "assetId": "3crCbz_nPEQzp_",
          "checksum": "5577aff241dcb2fa715cd58cc2a08584"
        },
        {
          "type": "image",
          "assetId": "LxFnHRhIgVuRZR",
          "checksum": "e984cfc4f357e6a2dfebd308974c7dbb"
        },
        {
          "type": "image",
          "assetId": "T9UkJ4aL6tHaKH",
          "checksum": "85665bdeaf1b567646fe57abab2ba8f0"
        },
        {
          "type": "image",
          "assetId": "mGvTEhIfV1EVEY",
          "checksum": "85180d7b6926831422fa8f0a03e0d494"
        },
        {
          "type": "image",
          "assetId": "jS8UDRPmCZRYhs",
          "checksum": "65738155bce42ae9d32333416ba5317a"
        },
        {
          "type": "image",
          "assetId": "PClAh_1WnEmvWc",
          "checksum": "64e099d675f1bb1751d60a2eb82c3a70"
        },
        {
          "type": "image",
          "assetId": "3KaajmG_gdUsWK",
          "checksum": "c1ee4fec3d811d18f8e0275360f03805"
        },
        {
          "type": "image",
          "assetId": "RijitueAhAVxQB",
          "checksum": "ae82a944783ca38fe5073462d09811fb"
        },
        {
          "type": "image",
          "assetId": "vsYSsxSrmxLQEB",
          "checksum": "b9856514767949058321a127d6608b7a"
        },
        {
          "type": "image",
          "assetId": "Llv4-pSOJ9GykT",
          "checksum": "8b1e320db27bce05be76e68442fa1272"
        },
        {
          "type": "image",
          "assetId": "3HBCUPS2iktazP",
          "checksum": "d5b435cf330048f7f5e09284b2f2c988"
        },
        {
          "type": "image",
          "assetId": "a7GdL-V5RQs_z9",
          "checksum": "c2cd6676adaf28c6f2e5f420b5aebcdf"
        },
        {
          "type": "image",
          "assetId": "gtlR7xIyoX8lks",
          "checksum": "54991a973c105d9bd133515771f6f4b6"
        },
        {
          "type": "image",
          "assetId": "uHerZPxWwgZmS1",
          "checksum": "8e02ec5ca2cdb1ca9c41e67cbd539c14"
        },
        {
          "type": "image",
          "assetId": "s8GrlQBp3IMJ6m",
          "checksum": "dc8a702dd9213fe267c8e0697b733d44"
        },
        {
          "type": "image",
          "assetId": "75-YgQChb9a_Ty",
          "checksum": "547c911044234f09c20067e3844c80a5"
        },
        {
          "type": "image",
          "assetId": "pA5vUpS0YtojcW",
          "checksum": "000a5e3ed6f5c0cfd13c681b50569672"
        },
        {
          "type": "image",
          "assetId": "ChQgSvThdrzFFY",
          "checksum": "13046d6c1ff06e55bc50013e71cf1b3a"
        },
        {
          "type": "image",
          "assetId": "Do0_LOd_20VIJz",
          "checksum": "7cc269131d677ed702f2460ea0c71bd1"
        },
        {
          "type": "image",
          "assetId": "KWc4KIydm9zR33",
          "checksum": "f8bdc3cce163621fb482e809059058a1"
        },
        {
          "type": "image",
          "assetId": "jfJByfMWcFlVvQ",
          "checksum": "0d037d5fcd5161a9318484bbd6d8dc59"
        },
        {
          "type": "image",
          "assetId": "QfuCpPCV1MNt0J",
          "checksum": "7b13eadbad34c1a1d52428df6e2bdede"
        },
        {
          "type": "image",
          "assetId": "oR3bJ0iZr",
          "checksum": "7b218d5e7c7119dee342fcf25d347bcf"
        },
        {
          "type": "image",
          "assetId": "0C8zqN9Uv",
          "checksum": "fdcd53bad109f0170cacda449d433d3f"
        },
        {
          "type": "image",
          "assetId": "FET8RsMil",
          "checksum": "e6a9d36b78cc7dfa6d8ae192773e61c0"
        },
        {
          "type": "image",
          "assetId": "4gvGEdo62",
          "checksum": "ce9547be21cb071a2f7a989b8fd19fce"
        },
        {
          "type": "image",
          "assetId": "UhYDKQfND",
          "checksum": "3e1e4f262b8de48a23169db76d58ca32"
        },
        {
          "type": "image",
          "assetId": "fvFGcbH2O",
          "checksum": "3a746dae304534ceec65a50fa4c55e9c"
        },
        {
          "type": "image",
          "assetId": "wDtnAeOXn",
          "checksum": "46b38211a04ddd2b93aac8afbf657612"
        },
        {
          "type": "image",
          "assetId": "Bzr6kr2Rs",
          "checksum": "870ef84a613ed53e677a7a2f376972cd"
        }
      ],
      "codegenVersion": "0.0.1"
    }
  ],
  "cliVersion": "0.1.205"
}
